{
	"name": "@lichtsteinerdev/app-banner",
	"version": "0.0.9",
	"lockfileVersion": 1,
	"requires": true,
	"dependencies": {
		"custom-button": {
			"version": "0.14.0",
			"resolved": "https://registry.npmjs.org/custom-button/-/custom-button-0.14.0.tgz",
			"integrity": "sha512-Lr5o5BUvrt4nliSKGhMTJrpsmnCmWXSOd882tGhrdy6sOqmTyc+cyFDbKK0ivYHDZkR76foJQggo6/ZoR/Rwzw=="
		},
		"tslib": {
			"version": "2.4.0",
			"resolved": "https://registry.npmjs.org/tslib/-/tslib-2.4.0.tgz",
			"integrity": "sha512-d6xOpEDfsi2CZVlPQzGeux8XMwLT9hssAsaPYExaQMuYskwb+x1x7J371tWlbBdWHroy99KnVB6qIkUbs5X3UQ=="
		}
	}
}
